// !$*UTF8*$!
{
	archiveVersion = 1;
	classes = {
	};
	objectVersion = 48;
	objects = {

/* Begin PBXBuildFile section */
		0D34B2201F95DFB600BDCEBB /* SCIGenericWrapper.swift in Sources */ = {isa = PBXBuildFile; fileRef = 0D34B21F1F95DFB600BDCEBB /* SCIGenericWrapper.swift */; };
		0D819AAC1F958B1A0096B5EB /* AppDelegate.swift in Sources */ = {isa = PBXBuildFile; fileRef = 0D819AAB1F958B1A0096B5EB /* AppDelegate.swift */; };
		0D819AAE1F958B1A0096B5EB /* MainViewController.swift in Sources */ = {isa = PBXBuildFile; fileRef = 0D819AAD1F958B1A0096B5EB /* MainViewController.swift */; };
		0D819AB11F958B1A0096B5EB /* Main.storyboard in Resources */ = {isa = PBXBuildFile; fileRef = 0D819AAF1F958B1A0096B5EB /* Main.storyboard */; };
		0D819AB31F958B1A0096B5EB /* Assets.xcassets in Resources */ = {isa = PBXBuildFile; fileRef = 0D819AB21F958B1A0096B5EB /* Assets.xcassets */; };
		0D819AB61F958B1A0096B5EB /* LaunchScreen.storyboard in Resources */ = {isa = PBXBuildFile; fileRef = 0D819AB41F958B1A0096B5EB /* LaunchScreen.storyboard */; };
		32B2D6E7A9520591B08A935F /* Pods_Server_Link.framework in Frameworks */ = {isa = PBXBuildFile; fileRef = 04A73A79AE122E64D0A27E8B /* Pods_Server_Link.framework */; };
/* End PBXBuildFile section */

/* Begin PBXFileReference section */
		04A73A79AE122E64D0A27E8B /* Pods_Server_Link.framework */ = {isa = PBXFileReference; explicitFileType = wrapper.framework; includeInIndex = 0; path = Pods_Server_Link.framework; sourceTree = BUILT_PRODUCTS_DIR; };
		0D34B21F1F95DFB600BDCEBB /* SCIGenericWrapper.swift */ = {isa = PBXFileReference; lastKnownFileType = sourcecode.swift; name = SCIGenericWrapper.swift; path = SciChart_iOS_v2.0.0.1640_SDK/SciChart.framework/SwiftUtil/SCIGenericWrapper.swift; sourceTree = "<group>"; };
		0D819AA81F958B1A0096B5EB /* Server Link.app */ = {isa = PBXFileReference; explicitFileType = wrapper.application; includeInIndex = 0; path = "Server Link.app"; sourceTree = BUILT_PRODUCTS_DIR; };
		0D819AAB1F958B1A0096B5EB /* AppDelegate.swift */ = {isa = PBXFileReference; lastKnownFileType = sourcecode.swift; path = AppDelegate.swift; sourceTree = "<group>"; };
		0D819AAD1F958B1A0096B5EB /* MainViewController.swift */ = {isa = PBXFileReference; lastKnownFileType = sourcecode.swift; path = MainViewController.swift; sourceTree = "<group>"; };
		0D819AB01F958B1A0096B5EB /* Base */ = {isa = PBXFileReference; lastKnownFileType = file.storyboard; name = Base; path = Base.lproj/Main.storyboard; sourceTree = "<group>"; };
		0D819AB21F958B1A0096B5EB /* Assets.xcassets */ = {isa = PBXFileReference; lastKnownFileType = folder.assetcatalog; path = Assets.xcassets; sourceTree = "<group>"; };
		0D819AB51F958B1A0096B5EB /* Base */ = {isa = PBXFileReference; lastKnownFileType = file.storyboard; name = Base; path = Base.lproj/LaunchScreen.storyboard; sourceTree = "<group>"; };
		0D819AB71F958B1A0096B5EB /* Info.plist */ = {isa = PBXFileReference; lastKnownFileType = text.plist.xml; path = Info.plist; sourceTree = "<group>"; };
		0DE7F2F61F95F1E0002CD661 /* Prices.swift */ = {isa = PBXFileReference; lastKnownFileType = sourcecode.swift; path = Prices.swift; sourceTree = "<group>"; };
		0DE7F2F71F95F206002CD661 /* Dates.swift */ = {isa = PBXFileReference; lastKnownFileType = sourcecode.swift; path = Dates.swift; sourceTree = "<group>"; };
		0DE7F2F81F95F213002CD661 /* Time + Timer.swift */ = {isa = PBXFileReference; lastKnownFileType = sourcecode.swift; path = "Time + Timer.swift"; sourceTree = "<group>"; };
		0DE7F2F91F95F222002CD661 /* FireBaseLink.swift */ = {isa = PBXFileReference; lastKnownFileType = sourcecode.swift; path = FireBaseLink.swift; sourceTree = "<group>"; };
		0DE7F2FA1F95F22A002CD661 /* Convert Color.swift */ = {isa = PBXFileReference; lastKnownFileType = sourcecode.swift; path = "Convert Color.swift"; sourceTree = "<group>"; };
		0DE7F2FB1F95F232002CD661 /* Show Trades.swift */ = {isa = PBXFileReference; lastKnownFileType = sourcecode.swift; path = "Show Trades.swift"; sourceTree = "<group>"; };
		0DE7F2FC1F95F252002CD661 /* Show Entry Line.swift */ = {isa = PBXFileReference; lastKnownFileType = sourcecode.swift; path = "Show Entry Line.swift"; sourceTree = "<group>"; };
		34F205D865B8303CCF58BE37 /* Pods-Server Link.release.xcconfig */ = {isa = PBXFileReference; includeInIndex = 1; lastKnownFileType = text.xcconfig; name = "Pods-Server Link.release.xcconfig"; path = "Pods/Target Support Files/Pods-Server Link/Pods-Server Link.release.xcconfig"; sourceTree = "<group>"; };
		3537C1C6AE38E8666ACD3B1E /* Pods-Server Link.debug.xcconfig */ = {isa = PBXFileReference; includeInIndex = 1; lastKnownFileType = text.xcconfig; name = "Pods-Server Link.debug.xcconfig"; path = "Pods/Target Support Files/Pods-Server Link/Pods-Server Link.debug.xcconfig"; sourceTree = "<group>"; };
/* End PBXFileReference section */

/* Begin PBXFrameworksBuildPhase section */
		0D819AA51F958B1A0096B5EB /* Frameworks */ = {
			isa = PBXFrameworksBuildPhase;
			buildActionMask = 2147483647;
			files = (
				32B2D6E7A9520591B08A935F /* Pods_Server_Link.framework in Frameworks */,
			);
			runOnlyForDeploymentPostprocessing = 0;
		};
/* End PBXFrameworksBuildPhase section */

/* Begin PBXGroup section */
		0D34B2211F95DFCC00BDCEBB /* Controller */ = {
			isa = PBXGroup;
			children = (
			);
			path = Controller;
			sourceTree = "<group>";
		};
		0D34B2221F95DFD700BDCEBB /* Model */ = {
			isa = PBXGroup;
			children = (
				0DE7F2F61F95F1E0002CD661 /* Prices.swift */,
				0DE7F2F71F95F206002CD661 /* Dates.swift */,
				0DE7F2F81F95F213002CD661 /* Time + Timer.swift */,
				0DE7F2F91F95F222002CD661 /* FireBaseLink.swift */,
				0DE7F2FA1F95F22A002CD661 /* Convert Color.swift */,
				0DE7F2FB1F95F232002CD661 /* Show Trades.swift */,
				0DE7F2FC1F95F252002CD661 /* Show Entry Line.swift */,
			);
			path = Model;
			sourceTree = "<group>";
		};
		0D819A9F1F958B1A0096B5EB = {
			isa = PBXGroup;
			children = (
				0D34B21F1F95DFB600BDCEBB /* SCIGenericWrapper.swift */,
				0D819AAA1F958B1A0096B5EB /* Server Link */,
				0D819AA91F958B1A0096B5EB /* Products */,
				A2519A9873CABD0F244B94C4 /* Pods */,
				D3B199316D405850451C23C9 /* Frameworks */,
			);
			sourceTree = "<group>";
		};
		0D819AA91F958B1A0096B5EB /* Products */ = {
			isa = PBXGroup;
			children = (
				0D819AA81F958B1A0096B5EB /* Server Link.app */,
			);
			name = Products;
			sourceTree = "<group>";
		};
		0D819AAA1F958B1A0096B5EB /* Server Link */ = {
			isa = PBXGroup;
			children = (
				0D819AAF1F958B1A0096B5EB /* Main.storyboard */,
				0D819AAD1F958B1A0096B5EB /* MainViewController.swift */,
				0D34B2221F95DFD700BDCEBB /* Model */,
				0D34B2211F95DFCC00BDCEBB /* Controller */,
				0D819AB21F958B1A0096B5EB /* Assets.xcassets */,
				0D819AAB1F958B1A0096B5EB /* AppDelegate.swift */,
				0D819AB41F958B1A0096B5EB /* LaunchScreen.storyboard */,
				0D819AB71F958B1A0096B5EB /* Info.plist */,
			);
			path = "Server Link";
			sourceTree = "<group>";
		};
		A2519A9873CABD0F244B94C4 /* Pods */ = {
			isa = PBXGroup;
			children = (
				3537C1C6AE38E8666ACD3B1E /* Pods-Server Link.debug.xcconfig */,
				34F205D865B8303CCF58BE37 /* Pods-Server Link.release.xcconfig */,
			);
			name = Pods;
			sourceTree = "<group>";
		};
		D3B199316D405850451C23C9 /* Frameworks */ = {
			isa = PBXGroup;
			children = (
				04A73A79AE122E64D0A27E8B /* Pods_Server_Link.framework */,
			);
			name = Frameworks;
			sourceTree = "<group>";
		};
/* End PBXGroup section */

/* Begin PBXNativeTarget section */
		0D819AA71F958B1A0096B5EB /* Server Link */ = {
			isa = PBXNativeTarget;
			buildConfigurationList = 0D819ABA1F958B1A0096B5EB /* Build configuration list for PBXNativeTarget "Server Link" */;
			buildPhases = (
				E4949BE0DC25440CF54299CB /* [CP] Check Pods Manifest.lock */,
				0D819AA41F958B1A0096B5EB /* Sources */,
				0D819AA51F958B1A0096B5EB /* Frameworks */,
				0D819AA61F958B1A0096B5EB /* Resources */,
				8EEA40F1ACB2EBC68F05698F /* [CP] Embed Pods Frameworks */,
				CEDC99B7308F61D51B2B1F79 /* [CP] Copy Pods Resources */,
			);
			buildRules = (
			);
			dependencies = (
			);
			name = "Server Link";
			productName = "Server Link";
			productReference = 0D819AA81F958B1A0096B5EB /* Server Link.app */;
			productType = "com.apple.product-type.application";
		};
/* End PBXNativeTarget section */

/* Begin PBXProject section */
		0D819AA01F958B1A0096B5EB /* Project object */ = {
			isa = PBXProject;
			attributes = {
				LastSwiftUpdateCheck = 0900;
				LastUpgradeCheck = 0900;
				ORGANIZATIONNAME = "Warren Hansen";
				TargetAttributes = {
					0D819AA71F958B1A0096B5EB = {
						CreatedOnToolsVersion = 9.0;
						ProvisioningStyle = Automatic;
					};
				};
			};
			buildConfigurationList = 0D819AA31F958B1A0096B5EB /* Build configuration list for PBXProject "Server Link" */;
			compatibilityVersion = "Xcode 8.0";
			developmentRegion = en;
			hasScannedForEncodings = 0;
			knownRegions = (
				en,
				Base,
			);
			mainGroup = 0D819A9F1F958B1A0096B5EB;
			productRefGroup = 0D819AA91F958B1A0096B5EB /* Products */;
			projectDirPath = "";
			projectRoot = "";
			targets = (
				0D819AA71F958B1A0096B5EB /* Server Link */,
			);
		};
/* End PBXProject section */

/* Begin PBXResourcesBuildPhase section */
		0D819AA61F958B1A0096B5EB /* Resources */ = {
			isa = PBXResourcesBuildPhase;
			buildActionMask = 2147483647;
			files = (
				0D819AB61F958B1A0096B5EB /* LaunchScreen.storyboard in Resources */,
				0D819AB31F958B1A0096B5EB /* Assets.xcassets in Resources */,
				0D819AB11F958B1A0096B5EB /* Main.storyboard in Resources */,
			);
			runOnlyForDeploymentPostprocessing = 0;
		};
/* End PBXResourcesBuildPhase section */

/* Begin PBXShellScriptBuildPhase section */
		8EEA40F1ACB2EBC68F05698F /* [CP] Embed Pods Frameworks */ = {
			isa = PBXShellScriptBuildPhase;
			buildActionMask = 2147483647;
			files = (
			);
			inputPaths = (
			);
			name = "[CP] Embed Pods Frameworks";
			outputPaths = (
			);
			runOnlyForDeploymentPostprocessing = 0;
			shellPath = /bin/sh;
			shellScript = "\"${SRCROOT}/Pods/Target Support Files/Pods-Server Link/Pods-Server Link-frameworks.sh\"\n";
			showEnvVarsInLog = 0;
		};
		CEDC99B7308F61D51B2B1F79 /* [CP] Copy Pods Resources */ = {
			isa = PBXShellScriptBuildPhase;
			buildActionMask = 2147483647;
			files = (
			);
			inputPaths = (
			);
			name = "[CP] Copy Pods Resources";
			outputPaths = (
			);
			runOnlyForDeploymentPostprocessing = 0;
			shellPath = /bin/sh;
			shellScript = "\"${SRCROOT}/Pods/Target Support Files/Pods-Server Link/Pods-Server Link-resources.sh\"\n";
			showEnvVarsInLog = 0;
		};
		E4949BE0DC25440CF54299CB /* [CP] Check Pods Manifest.lock */ = {
			isa = PBXShellScriptBuildPhase;
			buildActionMask = 2147483647;
			files = (
			);
			inputPaths = (
			);
			name = "[CP] Check Pods Manifest.lock";
			outputPaths = (
			);
			runOnlyForDeploymentPostprocessing = 0;
			shellPath = /bin/sh;
			shellScript = "diff \"${PODS_PODFILE_DIR_PATH}/Podfile.lock\" \"${PODS_ROOT}/Manifest.lock\" > /dev/null\nif [ $? != 0 ] ; then\n    # print error to STDERR\n    echo \"error: The sandbox is not in sync with the Podfile.lock. Run 'pod install' or update your CocoaPods installation.\" >&2\n    exit 1\nfi\n";
			showEnvVarsInLog = 0;
		};
/* End PBXShellScriptBuildPhase section */

/* Begin PBXSourcesBuildPhase section */
		0D819AA41F958B1A0096B5EB /* Sources */ = {
			isa = PBXSourcesBuildPhase;
			buildActionMask = 2147483647;
			files = (
				0D34B2201F95DFB600BDCEBB /* SCIGenericWrapper.swift in Sources */,
				0D819AAE1F958B1A0096B5EB /* MainViewController.swift in Sources */,
				0D819AAC1F958B1A0096B5EB /* AppDelegate.swift in Sources */,
			);
			runOnlyForDeploymentPostprocessing = 0;
		};
/* End PBXSourcesBuildPhase section */

/* Begin PBXVariantGroup section */
		0D819AAF1F958B1A0096B5EB /* Main.storyboard */ = {
			isa = PBXVariantGroup;
			children = (
				0D819AB01F958B1A0096B5EB /* Base */,
			);
			name = Main.storyboard;
			sourceTree = "<group>";
		};
		0D819AB41F958B1A0096B5EB /* LaunchScreen.storyboard */ = {
			isa = PBXVariantGroup;
			children = (
				0D819AB51F958B1A0096B5EB /* Base */,
			);
			name = LaunchScreen.storyboard;
			sourceTree = "<group>";
		};
/* End PBXVariantGroup section */

/* Begin XCBuildConfiguration section */
		0D819AB81F958B1A0096B5EB /* Debug */ = {
			isa = XCBuildConfiguration;
			buildSettings = {
				ALWAYS_SEARCH_USER_PATHS = NO;
				CLANG_ANALYZER_NONNULL = YES;
				CLANG_ANALYZER_NUMBER_OBJECT_CONVERSION = YES_AGGRESSIVE;
				CLANG_CXX_LANGUAGE_STANDARD = "gnu++14";
				CLANG_CXX_LIBRARY = "libc++";
				CLANG_ENABLE_MODULES = YES;
				CLANG_ENABLE_OBJC_ARC = YES;
				CLANG_WARN_BLOCK_CAPTURE_AUTORELEASING = YES;
				CLANG_WARN_BOOL_CONVERSION = YES;
				CLANG_WARN_COMMA = YES;
				CLANG_WARN_CONSTANT_CONVERSION = YES;
				CLANG_WARN_DIRECT_OBJC_ISA_USAGE = YES_ERROR;
				CLANG_WARN_DOCUMENTATION_COMMENTS = YES;
				CLANG_WARN_EMPTY_BODY = YES;
				CLANG_WARN_ENUM_CONVERSION = YES;
				CLANG_WARN_INFINITE_RECURSION = YES;
				CLANG_WARN_INT_CONVERSION = YES;
				CLANG_WARN_NON_LITERAL_NULL_CONVERSION = YES;
				CLANG_WARN_OBJC_LITERAL_CONVERSION = YES;
				CLANG_WARN_OBJC_ROOT_CLASS = YES_ERROR;
				CLANG_WARN_RANGE_LOOP_ANALYSIS = YES;
				CLANG_WARN_STRICT_PROTOTYPES = YES;
				CLANG_WARN_SUSPICIOUS_MOVE = YES;
				CLANG_WARN_UNGUARDED_AVAILABILITY = YES_AGGRESSIVE;
				CLANG_WARN_UNREACHABLE_CODE = YES;
				CLANG_WARN__DUPLICATE_METHOD_MATCH = YES;
				CODE_SIGN_IDENTITY = "iPhone Developer";
				COPY_PHASE_STRIP = NO;
				DEBUG_INFORMATION_FORMAT = dwarf;
				ENABLE_STRICT_OBJC_MSGSEND = YES;
				ENABLE_TESTABILITY = YES;
				GCC_C_LANGUAGE_STANDARD = gnu11;
				GCC_DYNAMIC_NO_PIC = NO;
				GCC_NO_COMMON_BLOCKS = YES;
				GCC_OPTIMIZATION_LEVEL = 0;
				GCC_PREPROCESSOR_DEFINITIONS = (
					"DEBUG=1",
					"$(inherited)",
				);
				GCC_WARN_64_TO_32_BIT_CONVERSION = YES;
				GCC_WARN_ABOUT_RETURN_TYPE = YES_ERROR;
				GCC_WARN_UNDECLARED_SELECTOR = YES;
				GCC_WARN_UNINITIALIZED_AUTOS = YES_AGGRESSIVE;
				GCC_WARN_UNUSED_FUNCTION = YES;
				GCC_WARN_UNUSED_VARIABLE = YES;
				IPHONEOS_DEPLOYMENT_TARGET = 11.0;
				MTL_ENABLE_DEBUG_INFO = YES;
				ONLY_ACTIVE_ARCH = YES;
				SDKROOT = iphoneos;
				SWIFT_ACTIVE_COMPILATION_CONDITIONS = DEBUG;
				SWIFT_OPTIMIZATION_LEVEL = "-Onone";
			};
			name = Debug;
		};
		0D819AB91F958B1A0096B5EB /* Release */ = {
			isa = XCBuildConfiguration;
			buildSettings = {
				ALWAYS_SEARCH_USER_PATHS = NO;
				CLANG_ANALYZER_NONNULL = YES;
				CLANG_ANALYZER_NUMBER_OBJECT_CONVERSION = YES_AGGRESSIVE;
				CLANG_CXX_LANGUAGE_STANDARD = "gnu++14";
				CLANG_CXX_LIBRARY = "libc++";
				CLANG_ENABLE_MODULES = YES;
				CLANG_ENABLE_OBJC_ARC = YES;
				CLANG_WARN_BLOCK_CAPTURE_AUTORELEASING = YES;
				CLANG_WARN_BOOL_CONVERSION = YES;
				CLANG_WARN_COMMA = YES;
				CLANG_WARN_CONSTANT_CONVERSION = YES;
				CLANG_WARN_DIRECT_OBJC_ISA_USAGE = YES_ERROR;
				CLANG_WARN_DOCUMENTATION_COMMENTS = YES;
				CLANG_WARN_EMPTY_BODY = YES;
				CLANG_WARN_ENUM_CONVERSION = YES;
				CLANG_WARN_INFINITE_RECURSION = YES;
				CLANG_WARN_INT_CONVERSION = YES;
				CLANG_WARN_NON_LITERAL_NULL_CONVERSION = YES;
				CLANG_WARN_OBJC_LITERAL_CONVERSION = YES;
				CLANG_WARN_OBJC_ROOT_CLASS = YES_ERROR;
				CLANG_WARN_RANGE_LOOP_ANALYSIS = YES;
				CLANG_WARN_STRICT_PROTOTYPES = YES;
				CLANG_WARN_SUSPICIOUS_MOVE = YES;
				CLANG_WARN_UNGUARDED_AVAILABILITY = YES_AGGRESSIVE;
				CLANG_WARN_UNREACHABLE_CODE = YES;
				CLANG_WARN__DUPLICATE_METHOD_MATCH = YES;
				CODE_SIGN_IDENTITY = "iPhone Developer";
				COPY_PHASE_STRIP = NO;
				DEBUG_INFORMATION_FORMAT = "dwarf-with-dsym";
				ENABLE_NS_ASSERTIONS = NO;
				ENABLE_STRICT_OBJC_MSGSEND = YES;
				GCC_C_LANGUAGE_STANDARD = gnu11;
				GCC_NO_COMMON_BLOCKS = YES;
				GCC_WARN_64_TO_32_BIT_CONVERSION = YES;
				GCC_WARN_ABOUT_RETURN_TYPE = YES_ERROR;
				GCC_WARN_UNDECLARED_SELECTOR = YES;
				GCC_WARN_UNINITIALIZED_AUTOS = YES_AGGRESSIVE;
				GCC_WARN_UNUSED_FUNCTION = YES;
				GCC_WARN_UNUSED_VARIABLE = YES;
				IPHONEOS_DEPLOYMENT_TARGET = 11.0;
				MTL_ENABLE_DEBUG_INFO = NO;
				SDKROOT = iphoneos;
				SWIFT_OPTIMIZATION_LEVEL = "-Owholemodule";
				VALIDATE_PRODUCT = YES;
			};
			name = Release;
		};
		0D819ABB1F958B1A0096B5EB /* Debug */ = {
			isa = XCBuildConfiguration;
			baseConfigurationReference = 3537C1C6AE38E8666ACD3B1E /* Pods-Server Link.debug.xcconfig */;
			buildSettings = {
				ASSETCATALOG_COMPILER_APPICON_NAME = AppIcon;
				CODE_SIGN_STYLE = Automatic;
				DEVELOPMENT_TEAM = 22U4CL887R;
				INFOPLIST_FILE = "Server Link/Info.plist";
				LD_RUNPATH_SEARCH_PATHS = "$(inherited) @executable_path/Frameworks";
				PRODUCT_BUNDLE_IDENTIFIER = "TradeStrat.Server-Link";
				PRODUCT_NAME = "$(TARGET_NAME)";
				SWIFT_VERSION = 4.0;
				TARGETED_DEVICE_FAMILY = "1,2";
			};
			name = Debug;
		};
		0D819ABC1F958B1A0096B5EB /* Release */ = {
			isa = XCBuildConfiguration;
			baseConfigurationReference = 34F205D865B8303CCF58BE37 /* Pods-Server Link.release.xcconfig */;
			buildSettings = {
				ASSETCATALOG_COMPILER_APPICON_NAME = AppIcon;
				CODE_SIGN_STYLE = Automatic;
				DEVELOPMENT_TEAM = 22U4CL887R;
				INFOPLIST_FILE = "Server Link/Info.plist";
				LD_RUNPATH_SEARCH_PATHS = "$(inherited) @executable_path/Frameworks";
				PRODUCT_BUNDLE_IDENTIFIER = "TradeStrat.Server-Link";
				PRODUCT_NAME = "$(TARGET_NAME)";
				SWIFT_VERSION = 4.0;
				TARGETED_DEVICE_FAMILY = "1,2";
			};
			name = Release;
		};
/* End XCBuildConfiguration section */

/* Begin XCConfigurationList section */
		0D819AA31F958B1A0096B5EB /* Build configuration list for PBXProject "Server Link" */ = {
			isa = XCConfigurationList;
			buildConfigurations = (
				0D819AB81F958B1A0096B5EB /* Debug */,
				0D819AB91F958B1A0096B5EB /* Release */,
			);
			defaultConfigurationIsVisible = 0;
			defaultConfigurationName = Release;
		};
		0D819ABA1F958B1A0096B5EB /* Build configuration list for PBXNativeTarget "Server Link" */ = {
			isa = XCConfigurationList;
			buildConfigurations = (
				0D819ABB1F958B1A0096B5EB /* Debug */,
				0D819ABC1F958B1A0096B5EB /* Release */,
			);
			defaultConfigurationIsVisible = 0;
			defaultConfigurationName = Release;
		};
/* End XCConfigurationList section */
	};
	rootObject = 0D819AA01F958B1A0096B5EB /* Project object */;
}
